// !$*UTF8*$!
{
	archiveVersion = 1;
	classes = {
	};
	objectVersion = 77;
	objects = {

/* Begin PBXBuildFile section */
		FA3233C62DE37E1300E53C97 /* SearchResultsViewController.swift in Sources */ = {isa = PBXBuildFile; fileRef = FA3233C52DE37E1300E53C97 /* SearchResultsViewController.swift */; };
		FA3233CA2DE6261000E53C97 /* YoutubeSearchResponse.swift in Sources */ = {isa = PBXBuildFile; fileRef = FA3233C92DE6261000E53C97 /* YoutubeSearchResponse.swift */; };
		FA3233CC2DE6396800E53C97 /* TitlePreviewViewController.swift in Sources */ = {isa = PBXBuildFile; fileRef = FA3233CB2DE6396800E53C97 /* TitlePreviewViewController.swift */; };
		FA3233CE2DE643D400E53C97 /* TitlePreviewViewModel.swift in Sources */ = {isa = PBXBuildFile; fileRef = FA3233CD2DE643D400E53C97 /* TitlePreviewViewModel.swift */; };
		FAD9D43D2DD3944200769A4F /* Assets.xcassets in Resources */ = {isa = PBXBuildFile; fileRef = FAD9D4362DD3944200769A4F /* Assets.xcassets */; };
		FAD9D43F2DD3944200769A4F /* LaunchScreen.storyboard in Resources */ = {isa = PBXBuildFile; fileRef = FAD9D4392DD3944200769A4F /* LaunchScreen.storyboard */; };
		FAD9D4402DD3944200769A4F /* DownloadsViewController.swift in Sources */ = {isa = PBXBuildFile; fileRef = FAD9D42D2DD3944200769A4F /* DownloadsViewController.swift */; };
		FAD9D4412DD3944200769A4F /* HomeViewController.swift in Sources */ = {isa = PBXBuildFile; fileRef = FAD9D42E2DD3944200769A4F /* HomeViewController.swift */; };
		FAD9D4422DD3944200769A4F /* SearchViewController.swift in Sources */ = {isa = PBXBuildFile; fileRef = FAD9D42F2DD3944200769A4F /* SearchViewController.swift */; };
		FAD9D4432DD3944200769A4F /* UpcomingViewController.swift in Sources */ = {isa = PBXBuildFile; fileRef = FAD9D4302DD3944200769A4F /* UpcomingViewController.swift */; };
		FAD9D4442DD3944200769A4F /* AppDelegate.swift in Sources */ = {isa = PBXBuildFile; fileRef = FAD9D4352DD3944200769A4F /* AppDelegate.swift */; };
		FAD9D4452DD3944200769A4F /* MainTabBarViewController.swift in Sources */ = {isa = PBXBuildFile; fileRef = FAD9D43A2DD3944200769A4F /* MainTabBarViewController.swift */; };
		FAD9D4462DD3944200769A4F /* SceneDelegate.swift in Sources */ = {isa = PBXBuildFile; fileRef = FAD9D43B2DD3944200769A4F /* SceneDelegate.swift */; };
		FAD9D44B2DD3954F00769A4F /* CollectionViewTableViewCell.swift in Sources */ = {isa = PBXBuildFile; fileRef = FAD9D44A2DD3954F00769A4F /* CollectionViewTableViewCell.swift */; };
		FAD9D44D2DD4DF9B00769A4F /* HeroHeaderUIView.swift in Sources */ = {isa = PBXBuildFile; fileRef = FAD9D44C2DD4DF9B00769A4F /* HeroHeaderUIView.swift */; };
		FAD9D4942DD8EBBB00769A4F /* APICaller.swift in Sources */ = {isa = PBXBuildFile; fileRef = FAD9D4932DD8EBBB00769A4F /* APICaller.swift */; };
		FAD9D4962DD90B5800769A4F /* Title.swift in Sources */ = {isa = PBXBuildFile; fileRef = FAD9D4952DD90B5800769A4F /* Title.swift */; };
		FAD9D4982DDCB3EB00769A4F /* Extensions.swift in Sources */ = {isa = PBXBuildFile; fileRef = FAD9D4972DDCB3EB00769A4F /* Extensions.swift */; };
		FAD9D49C2DDE1E5900769A4F /* TitleCollectionViewCell.swift in Sources */ = {isa = PBXBuildFile; fileRef = FAD9D49B2DDE1E5900769A4F /* TitleCollectionViewCell.swift */; };
		FAD9D49F2DDE21F300769A4F /* SDWebImage in Frameworks */ = {isa = PBXBuildFile; productRef = FAD9D49E2DDE21F300769A4F /* SDWebImage */; };
		FAD9D4A12DDE21F300769A4F /* SDWebImageMapKit in Frameworks */ = {isa = PBXBuildFile; productRef = FAD9D4A02DDE21F300769A4F /* SDWebImageMapKit */; };
		FAD9D4A32DE0B0A600769A4F /* TitleTableViewCell.swift in Sources */ = {isa = PBXBuildFile; fileRef = FAD9D4A22DE0B0A600769A4F /* TitleTableViewCell.swift */; };
		FAD9D4A52DE0DF1200769A4F /* TitleViewModel.swift in Sources */ = {isa = PBXBuildFile; fileRef = FAD9D4A42DE0DF1200769A4F /* TitleViewModel.swift */; };
/* End PBXBuildFile section */

/* Begin PBXFileReference section */
		FA3233C52DE37E1300E53C97 /* SearchResultsViewController.swift */ = {isa = PBXFileReference; lastKnownFileType = sourcecode.swift; path = SearchResultsViewController.swift; sourceTree = "<group>"; };
		FA3233C92DE6261000E53C97 /* YoutubeSearchResponse.swift */ = {isa = PBXFileReference; lastKnownFileType = sourcecode.swift; path = YoutubeSearchResponse.swift; sourceTree = "<group>"; };
		FA3233CB2DE6396800E53C97 /* TitlePreviewViewController.swift */ = {isa = PBXFileReference; lastKnownFileType = sourcecode.swift; path = TitlePreviewViewController.swift; sourceTree = "<group>"; };
		FA3233CD2DE643D400E53C97 /* TitlePreviewViewModel.swift */ = {isa = PBXFileReference; lastKnownFileType = sourcecode.swift; path = TitlePreviewViewModel.swift; sourceTree = "<group>"; };
		FAD9D4092DD250C900769A4F /* IOSMovieApp.app */ = {isa = PBXFileReference; explicitFileType = wrapper.application; includeInIndex = 0; path = IOSMovieApp.app; sourceTree = BUILT_PRODUCTS_DIR; };
		FAD9D42D2DD3944200769A4F /* DownloadsViewController.swift */ = {isa = PBXFileReference; lastKnownFileType = sourcecode.swift; path = DownloadsViewController.swift; sourceTree = "<group>"; };
		FAD9D42E2DD3944200769A4F /* HomeViewController.swift */ = {isa = PBXFileReference; lastKnownFileType = sourcecode.swift; path = HomeViewController.swift; sourceTree = "<group>"; };
		FAD9D42F2DD3944200769A4F /* SearchViewController.swift */ = {isa = PBXFileReference; lastKnownFileType = sourcecode.swift; path = SearchViewController.swift; sourceTree = "<group>"; };
		FAD9D4302DD3944200769A4F /* UpcomingViewController.swift */ = {isa = PBXFileReference; lastKnownFileType = sourcecode.swift; path = UpcomingViewController.swift; sourceTree = "<group>"; };
		FAD9D4352DD3944200769A4F /* AppDelegate.swift */ = {isa = PBXFileReference; lastKnownFileType = sourcecode.swift; path = AppDelegate.swift; sourceTree = "<group>"; };
		FAD9D4362DD3944200769A4F /* Assets.xcassets */ = {isa = PBXFileReference; lastKnownFileType = folder.assetcatalog; path = Assets.xcassets; sourceTree = "<group>"; };
		FAD9D4372DD3944200769A4F /* Info.plist */ = {isa = PBXFileReference; lastKnownFileType = text.plist.xml; path = Info.plist; sourceTree = "<group>"; };
		FAD9D4382DD3944200769A4F /* Base */ = {isa = PBXFileReference; lastKnownFileType = file.storyboard; name = Base; path = Base.lproj/LaunchScreen.storyboard; sourceTree = "<group>"; };
		FAD9D43A2DD3944200769A4F /* MainTabBarViewController.swift */ = {isa = PBXFileReference; lastKnownFileType = sourcecode.swift; path = MainTabBarViewController.swift; sourceTree = "<group>"; };
		FAD9D43B2DD3944200769A4F /* SceneDelegate.swift */ = {isa = PBXFileReference; lastKnownFileType = sourcecode.swift; path = SceneDelegate.swift; sourceTree = "<group>"; };
		FAD9D44A2DD3954F00769A4F /* CollectionViewTableViewCell.swift */ = {isa = PBXFileReference; lastKnownFileType = sourcecode.swift; path = CollectionViewTableViewCell.swift; sourceTree = "<group>"; };
		FAD9D44C2DD4DF9B00769A4F /* HeroHeaderUIView.swift */ = {isa = PBXFileReference; lastKnownFileType = sourcecode.swift; path = HeroHeaderUIView.swift; sourceTree = "<group>"; };
		FAD9D4932DD8EBBB00769A4F /* APICaller.swift */ = {isa = PBXFileReference; lastKnownFileType = sourcecode.swift; path = APICaller.swift; sourceTree = "<group>"; };
		FAD9D4952DD90B5800769A4F /* Title.swift */ = {isa = PBXFileReference; lastKnownFileType = sourcecode.swift; path = Title.swift; sourceTree = "<group>"; };
		FAD9D4972DDCB3EB00769A4F /* Extensions.swift */ = {isa = PBXFileReference; lastKnownFileType = sourcecode.swift; path = Extensions.swift; sourceTree = "<group>"; };
		FAD9D49B2DDE1E5900769A4F /* TitleCollectionViewCell.swift */ = {isa = PBXFileReference; lastKnownFileType = sourcecode.swift; path = TitleCollectionViewCell.swift; sourceTree = "<group>"; };
		FAD9D4A22DE0B0A600769A4F /* TitleTableViewCell.swift */ = {isa = PBXFileReference; lastKnownFileType = sourcecode.swift; path = TitleTableViewCell.swift; sourceTree = "<group>"; };
		FAD9D4A42DE0DF1200769A4F /* TitleViewModel.swift */ = {isa = PBXFileReference; lastKnownFileType = sourcecode.swift; path = TitleViewModel.swift; sourceTree = "<group>"; };
/* End PBXFileReference section */

/* Begin PBXFrameworksBuildPhase section */
		FAD9D4062DD250C900769A4F /* Frameworks */ = {
			isa = PBXFrameworksBuildPhase;
			buildActionMask = 2147483647;
			files = (
				FAD9D4A12DDE21F300769A4F /* SDWebImageMapKit in Frameworks */,
				FAD9D49F2DDE21F300769A4F /* SDWebImage in Frameworks */,
			);
			runOnlyForDeploymentPostprocessing = 0;
		};
/* End PBXFrameworksBuildPhase section */

/* Begin PBXGroup section */
		FA3233C72DE37E6F00E53C97 /* General */ = {
			isa = PBXGroup;
			children = (
				FA3233C52DE37E1300E53C97 /* SearchResultsViewController.swift */,
				FA3233CB2DE6396800E53C97 /* TitlePreviewViewController.swift */,
			);
			path = General;
			sourceTree = "<group>";
		};
		FA3233C82DE37E7B00E53C97 /* Core */ = {
			isa = PBXGroup;
			children = (
				FAD9D4302DD3944200769A4F /* UpcomingViewController.swift */,
				FAD9D42F2DD3944200769A4F /* SearchViewController.swift */,
				FAD9D42D2DD3944200769A4F /* DownloadsViewController.swift */,
				FAD9D42E2DD3944200769A4F /* HomeViewController.swift */,
			);
			path = Core;
			sourceTree = "<group>";
		};
		FAD9D4002DD250C900769A4F = {
			isa = PBXGroup;
			children = (
				FAD9D43C2DD3944200769A4F /* IOSMovieApp */,
				FAD9D40A2DD250C900769A4F /* Products */,
			);
			sourceTree = "<group>";
		};
		FAD9D40A2DD250C900769A4F /* Products */ = {
			isa = PBXGroup;
			children = (
				FAD9D4092DD250C900769A4F /* IOSMovieApp.app */,
			);
			name = Products;
			sourceTree = "<group>";
		};
		FAD9D4312DD3944200769A4F /* Controllers */ = {
			isa = PBXGroup;
			children = (
				FA3233C72DE37E6F00E53C97 /* General */,
				FA3233C82DE37E7B00E53C97 /* Core */,
			);
			path = Controllers;
			sourceTree = "<group>";
		};
		FAD9D4322DD3944200769A4F /* Models */ = {
			isa = PBXGroup;
			children = (
				FAD9D4952DD90B5800769A4F /* Title.swift */,
				FA3233C92DE6261000E53C97 /* YoutubeSearchResponse.swift */,
			);
			path = Models;
			sourceTree = "<group>";
		};
		FAD9D4332DD3944200769A4F /* ViewModels */ = {
			isa = PBXGroup;
			children = (
				FAD9D4A42DE0DF1200769A4F /* TitleViewModel.swift */,
				FA3233CD2DE643D400E53C97 /* TitlePreviewViewModel.swift */,
			);
			path = ViewModels;
			sourceTree = "<group>";
		};
		FAD9D4342DD3944200769A4F /* Views */ = {
			isa = PBXGroup;
			children = (
				FAD9D44A2DD3954F00769A4F /* CollectionViewTableViewCell.swift */,
				FAD9D44C2DD4DF9B00769A4F /* HeroHeaderUIView.swift */,
				FAD9D49B2DDE1E5900769A4F /* TitleCollectionViewCell.swift */,
				FAD9D4A22DE0B0A600769A4F /* TitleTableViewCell.swift */,
			);
			path = Views;
			sourceTree = "<group>";
		};
		FAD9D43C2DD3944200769A4F /* IOSMovieApp */ = {
			isa = PBXGroup;
			children = (
				FAD9D4492DD394CE00769A4F /* Managers */,
				FAD9D4482DD394C200769A4F /* Resources */,
				FAD9D4322DD3944200769A4F /* Models */,
				FAD9D4342DD3944200769A4F /* Views */,
				FAD9D4332DD3944200769A4F /* ViewModels */,
				FAD9D4312DD3944200769A4F /* Controllers */,
				FAD9D4352DD3944200769A4F /* AppDelegate.swift */,
				FAD9D4362DD3944200769A4F /* Assets.xcassets */,
				FAD9D4372DD3944200769A4F /* Info.plist */,
				FAD9D4392DD3944200769A4F /* LaunchScreen.storyboard */,
				FAD9D43A2DD3944200769A4F /* MainTabBarViewController.swift */,
				FAD9D43B2DD3944200769A4F /* SceneDelegate.swift */,
			);
			path = IOSMovieApp;
			sourceTree = "<group>";
		};
		FAD9D4482DD394C200769A4F /* Resources */ = {
			isa = PBXGroup;
			children = (
				FAD9D4972DDCB3EB00769A4F /* Extensions.swift */,
			);
			path = Resources;
			sourceTree = "<group>";
		};
		FAD9D4492DD394CE00769A4F /* Managers */ = {
			isa = PBXGroup;
			children = (
				FAD9D4932DD8EBBB00769A4F /* APICaller.swift */,
			);
			path = Managers;
			sourceTree = "<group>";
		};
/* End PBXGroup section */

/* Begin PBXNativeTarget section */
		FAD9D4082DD250C900769A4F /* IOSMovieApp */ = {
			isa = PBXNativeTarget;
			buildConfigurationList = FAD9D41C2DD250CA00769A4F /* Build configuration list for PBXNativeTarget "IOSMovieApp" */;
			buildPhases = (
				FAD9D4052DD250C900769A4F /* Sources */,
				FAD9D4062DD250C900769A4F /* Frameworks */,
				FAD9D4072DD250C900769A4F /* Resources */,
			);
			buildRules = (
			);
			dependencies = (
			);
			name = IOSMovieApp;
			packageProductDependencies = (
				FAD9D49E2DDE21F300769A4F /* SDWebImage */,
				FAD9D4A02DDE21F300769A4F /* SDWebImageMapKit */,
			);
			productName = IOSMovieApp;
			productReference = FAD9D4092DD250C900769A4F /* IOSMovieApp.app */;
			productType = "com.apple.product-type.application";
		};
/* End PBXNativeTarget section */

/* Begin PBXProject section */
		FAD9D4012DD250C900769A4F /* Project object */ = {
			isa = PBXProject;
			attributes = {
				BuildIndependentTargetsInParallel = 1;
				LastSwiftUpdateCheck = 1600;
				LastUpgradeCheck = 1600;
				TargetAttributes = {
					FAD9D4082DD250C900769A4F = {
						CreatedOnToolsVersion = 16.0;
					};
				};
			};
			buildConfigurationList = FAD9D4042DD250C900769A4F /* Build configuration list for PBXProject "IOSMovieApp" */;
			developmentRegion = en;
			hasScannedForEncodings = 0;
			knownRegions = (
				en,
				Base,
			);
			mainGroup = FAD9D4002DD250C900769A4F;
			minimizedProjectReferenceProxies = 1;
			packageReferences = (
				FAD9D49D2DDE21F300769A4F /* XCRemoteSwiftPackageReference "SDWebImage" */,
			);
			preferredProjectObjectVersion = 77;
			productRefGroup = FAD9D40A2DD250C900769A4F /* Products */;
			projectDirPath = "";
			projectRoot = "";
			targets = (
				FAD9D4082DD250C900769A4F /* IOSMovieApp */,
			);
		};
/* End PBXProject section */

/* Begin PBXResourcesBuildPhase section */
		FAD9D4072DD250C900769A4F /* Resources */ = {
			isa = PBXResourcesBuildPhase;
			buildActionMask = 2147483647;
			files = (
				FAD9D43D2DD3944200769A4F /* Assets.xcassets in Resources */,
				FAD9D43F2DD3944200769A4F /* LaunchScreen.storyboard in Resources */,
			);
			runOnlyForDeploymentPostprocessing = 0;
		};
/* End PBXResourcesBuildPhase section */

/* Begin PBXSourcesBuildPhase section */
		FAD9D4052DD250C900769A4F /* Sources */ = {
			isa = PBXSourcesBuildPhase;
			buildActionMask = 2147483647;
			files = (
				FAD9D4A32DE0B0A600769A4F /* TitleTableViewCell.swift in Sources */,
				FAD9D4402DD3944200769A4F /* DownloadsViewController.swift in Sources */,
				FAD9D49C2DDE1E5900769A4F /* TitleCollectionViewCell.swift in Sources */,
				FAD9D4412DD3944200769A4F /* HomeViewController.swift in Sources */,
				FAD9D44B2DD3954F00769A4F /* CollectionViewTableViewCell.swift in Sources */,
				FAD9D4942DD8EBBB00769A4F /* APICaller.swift in Sources */,
				FAD9D44D2DD4DF9B00769A4F /* HeroHeaderUIView.swift in Sources */,
				FAD9D4422DD3944200769A4F /* SearchViewController.swift in Sources */,
				FAD9D4432DD3944200769A4F /* UpcomingViewController.swift in Sources */,
				FA3233C62DE37E1300E53C97 /* SearchResultsViewController.swift in Sources */,
				FAD9D4982DDCB3EB00769A4F /* Extensions.swift in Sources */,
				FA3233CA2DE6261000E53C97 /* YoutubeSearchResponse.swift in Sources */,
				FAD9D4442DD3944200769A4F /* AppDelegate.swift in Sources */,
				FA3233CE2DE643D400E53C97 /* TitlePreviewViewModel.swift in Sources */,
				FAD9D4452DD3944200769A4F /* MainTabBarViewController.swift in Sources */,
				FA3233CC2DE6396800E53C97 /* TitlePreviewViewController.swift in Sources */,
				FAD9D4962DD90B5800769A4F /* Title.swift in Sources */,
				FAD9D4462DD3944200769A4F /* SceneDelegate.swift in Sources */,
				FAD9D4A52DE0DF1200769A4F /* TitleViewModel.swift in Sources */,
			);
			runOnlyForDeploymentPostprocessing = 0;
		};
/* End PBXSourcesBuildPhase section */

/* Begin PBXVariantGroup section */
		FAD9D4392DD3944200769A4F /* LaunchScreen.storyboard */ = {
			isa = PBXVariantGroup;
			children = (
				FAD9D4382DD3944200769A4F /* Base */,
			);
			name = LaunchScreen.storyboard;
			sourceTree = "<group>";
		};
/* End PBXVariantGroup section */

/* Begin XCBuildConfiguration section */
		FAD9D41D2DD250CA00769A4F /* Debug */ = {
			isa = XCBuildConfiguration;
			buildSettings = {
				ASSETCATALOG_COMPILER_APPICON_NAME = AppIcon;
				ASSETCATALOG_COMPILER_GLOBAL_ACCENT_COLOR_NAME = AccentColor;
				CODE_SIGN_STYLE = Automatic;
				CURRENT_PROJECT_VERSION = 1;
				GENERATE_INFOPLIST_FILE = YES;
				INFOPLIST_FILE = IOSMovieApp/Info.plist;
				INFOPLIST_KEY_UIApplicationSupportsIndirectInputEvents = YES;
				INFOPLIST_KEY_UILaunchStoryboardName = LaunchScreen;
				INFOPLIST_KEY_UIStatusBarStyle = "";
				INFOPLIST_KEY_UISupportedInterfaceOrientations_iPad = "UIInterfaceOrientationPortrait UIInterfaceOrientationPortraitUpsideDown UIInterfaceOrientationLandscapeLeft UIInterfaceOrientationLandscapeRight";
				INFOPLIST_KEY_UISupportedInterfaceOrientations_iPhone = "UIInterfaceOrientationPortrait UIInterfaceOrientationLandscapeLeft UIInterfaceOrientationLandscapeRight";
				LD_RUNPATH_SEARCH_PATHS = (
					"$(inherited)",
					"@executable_path/Frameworks",
				);
				MARKETING_VERSION = 1.0;
				PRODUCT_BUNDLE_IDENTIFIER = com.berkayemreaslan.IOSMovieApp;
				PRODUCT_NAME = "$(TARGET_NAME)";
				SWIFT_EMIT_LOC_STRINGS = YES;
				SWIFT_VERSION = 5.0;
				TARGETED_DEVICE_FAMILY = "1,2";
			};
			name = Debug;
		};
		FAD9D41E2DD250CA00769A4F /* Release */ = {
			isa = XCBuildConfiguration;
			buildSettings = {
				ASSETCATALOG_COMPILER_APPICON_NAME = AppIcon;
				ASSETCATALOG_COMPILER_GLOBAL_ACCENT_COLOR_NAME = AccentColor;
				CODE_SIGN_STYLE = Automatic;
				CURRENT_PROJECT_VERSION = 1;
				GENERATE_INFOPLIST_FILE = YES;
				INFOPLIST_FILE = IOSMovieApp/Info.plist;
				INFOPLIST_KEY_UIApplicationSupportsIndirectInputEvents = YES;
				INFOPLIST_KEY_UILaunchStoryboardName = LaunchScreen;
				INFOPLIST_KEY_UIStatusBarStyle = "";
				INFOPLIST_KEY_UISupportedInterfaceOrientations_iPad = "UIInterfaceOrientationPortrait UIInterfaceOrientationPortraitUpsideDown UIInterfaceOrientationLandscapeLeft UIInterfaceOrientationLandscapeRight";
				INFOPLIST_KEY_UISupportedInterfaceOrientations_iPhone = "UIInterfaceOrientationPortrait UIInterfaceOrientationLandscapeLeft UIInterfaceOrientationLandscapeRight";
				LD_RUNPATH_SEARCH_PATHS = (
					"$(inherited)",
					"@executable_path/Frameworks",
				);
				MARKETING_VERSION = 1.0;
				PRODUCT_BUNDLE_IDENTIFIER = com.berkayemreaslan.IOSMovieApp;
				PRODUCT_NAME = "$(TARGET_NAME)";
				SWIFT_EMIT_LOC_STRINGS = YES;
				SWIFT_VERSION = 5.0;
				TARGETED_DEVICE_FAMILY = "1,2";
			};
			name = Release;
		};
		FAD9D41F2DD250CA00769A4F /* Debug */ = {
			isa = XCBuildConfiguration;
			buildSettings = {
				ALWAYS_SEARCH_USER_PATHS = NO;
				ASSETCATALOG_COMPILER_GENERATE_SWIFT_ASSET_SYMBOL_EXTENSIONS = YES;
				CLANG_ANALYZER_NONNULL = YES;
				CLANG_ANALYZER_NUMBER_OBJECT_CONVERSION = YES_AGGRESSIVE;
				CLANG_CXX_LANGUAGE_STANDARD = "gnu++20";
				CLANG_ENABLE_MODULES = YES;
				CLANG_ENABLE_OBJC_ARC = YES;
				CLANG_ENABLE_OBJC_WEAK = YES;
				CLANG_WARN_BLOCK_CAPTURE_AUTORELEASING = YES;
				CLANG_WARN_BOOL_CONVERSION = YES;
				CLANG_WARN_COMMA = YES;
				CLANG_WARN_CONSTANT_CONVERSION = YES;
				CLANG_WARN_DEPRECATED_OBJC_IMPLEMENTATIONS = YES;
				CLANG_WARN_DIRECT_OBJC_ISA_USAGE = YES_ERROR;
				CLANG_WARN_DOCUMENTATION_COMMENTS = YES;
				CLANG_WARN_EMPTY_BODY = YES;
				CLANG_WARN_ENUM_CONVERSION = YES;
				CLANG_WARN_INFINITE_RECURSION = YES;
				CLANG_WARN_INT_CONVERSION = YES;
				CLANG_WARN_NON_LITERAL_NULL_CONVERSION = YES;
				CLANG_WARN_OBJC_IMPLICIT_RETAIN_SELF = YES;
				CLANG_WARN_OBJC_LITERAL_CONVERSION = YES;
				CLANG_WARN_OBJC_ROOT_CLASS = YES_ERROR;
				CLANG_WARN_QUOTED_INCLUDE_IN_FRAMEWORK_HEADER = YES;
				CLANG_WARN_RANGE_LOOP_ANALYSIS = YES;
				CLANG_WARN_STRICT_PROTOTYPES = YES;
				CLANG_WARN_SUSPICIOUS_MOVE = YES;
				CLANG_WARN_UNGUARDED_AVAILABILITY = YES_AGGRESSIVE;
				CLANG_WARN_UNREACHABLE_CODE = YES;
				CLANG_WARN__DUPLICATE_METHOD_MATCH = YES;
				COPY_PHASE_STRIP = NO;
				DEBUG_INFORMATION_FORMAT = dwarf;
				ENABLE_STRICT_OBJC_MSGSEND = YES;
				ENABLE_TESTABILITY = YES;
				ENABLE_USER_SCRIPT_SANDBOXING = YES;
				GCC_C_LANGUAGE_STANDARD = gnu17;
				GCC_DYNAMIC_NO_PIC = NO;
				GCC_NO_COMMON_BLOCKS = YES;
				GCC_OPTIMIZATION_LEVEL = 0;
				GCC_PREPROCESSOR_DEFINITIONS = (
					"DEBUG=1",
					"$(inherited)",
				);
				GCC_WARN_64_TO_32_BIT_CONVERSION = YES;
				GCC_WARN_ABOUT_RETURN_TYPE = YES_ERROR;
				GCC_WARN_UNDECLARED_SELECTOR = YES;
				GCC_WARN_UNINITIALIZED_AUTOS = YES_AGGRESSIVE;
				GCC_WARN_UNUSED_FUNCTION = YES;
				GCC_WARN_UNUSED_VARIABLE = YES;
				IPHONEOS_DEPLOYMENT_TARGET = 18.0;
				LOCALIZATION_PREFERS_STRING_CATALOGS = YES;
				MTL_ENABLE_DEBUG_INFO = INCLUDE_SOURCE;
				MTL_FAST_MATH = YES;
				ONLY_ACTIVE_ARCH = YES;
				SDKROOT = iphoneos;
				SWIFT_ACTIVE_COMPILATION_CONDITIONS = "DEBUG $(inherited)";
				SWIFT_OPTIMIZATION_LEVEL = "-Onone";
			};
			name = Debug;
		};
		FAD9D4202DD250CA00769A4F /* Release */ = {
			isa = XCBuildConfiguration;
			buildSettings = {
				ALWAYS_SEARCH_USER_PATHS = NO;
				ASSETCATALOG_COMPILER_GENERATE_SWIFT_ASSET_SYMBOL_EXTENSIONS = YES;
				CLANG_ANALYZER_NONNULL = YES;
				CLANG_ANALYZER_NUMBER_OBJECT_CONVERSION = YES_AGGRESSIVE;
				CLANG_CXX_LANGUAGE_STANDARD = "gnu++20";
				CLANG_ENABLE_MODULES = YES;
				CLANG_ENABLE_OBJC_ARC = YES;
				CLANG_ENABLE_OBJC_WEAK = YES;
				CLANG_WARN_BLOCK_CAPTURE_AUTORELEASING = YES;
				CLANG_WARN_BOOL_CONVERSION = YES;
				CLANG_WARN_COMMA = YES;
				CLANG_WARN_CONSTANT_CONVERSION = YES;
				CLANG_WARN_DEPRECATED_OBJC_IMPLEMENTATIONS = YES;
				CLANG_WARN_DIRECT_OBJC_ISA_USAGE = YES_ERROR;
				CLANG_WARN_DOCUMENTATION_COMMENTS = YES;
				CLANG_WARN_EMPTY_BODY = YES;
				CLANG_WARN_ENUM_CONVERSION = YES;
				CLANG_WARN_INFINITE_RECURSION = YES;
				CLANG_WARN_INT_CONVERSION = YES;
				CLANG_WARN_NON_LITERAL_NULL_CONVERSION = YES;
				CLANG_WARN_OBJC_IMPLICIT_RETAIN_SELF = YES;
				CLANG_WARN_OBJC_LITERAL_CONVERSION = YES;
				CLANG_WARN_OBJC_ROOT_CLASS = YES_ERROR;
				CLANG_WARN_QUOTED_INCLUDE_IN_FRAMEWORK_HEADER = YES;
				CLANG_WARN_RANGE_LOOP_ANALYSIS = YES;
				CLANG_WARN_STRICT_PROTOTYPES = YES;
				CLANG_WARN_SUSPICIOUS_MOVE = YES;
				CLANG_WARN_UNGUARDED_AVAILABILITY = YES_AGGRESSIVE;
				CLANG_WARN_UNREACHABLE_CODE = YES;
				CLANG_WARN__DUPLICATE_METHOD_MATCH = YES;
				COPY_PHASE_STRIP = NO;
				DEBUG_INFORMATION_FORMAT = "dwarf-with-dsym";
				ENABLE_NS_ASSERTIONS = NO;
				ENABLE_STRICT_OBJC_MSGSEND = YES;
				ENABLE_USER_SCRIPT_SANDBOXING = YES;
				GCC_C_LANGUAGE_STANDARD = gnu17;
				GCC_NO_COMMON_BLOCKS = YES;
				GCC_WARN_64_TO_32_BIT_CONVERSION = YES;
				GCC_WARN_ABOUT_RETURN_TYPE = YES_ERROR;
				GCC_WARN_UNDECLARED_SELECTOR = YES;
				GCC_WARN_UNINITIALIZED_AUTOS = YES_AGGRESSIVE;
				GCC_WARN_UNUSED_FUNCTION = YES;
				GCC_WARN_UNUSED_VARIABLE = YES;
				IPHONEOS_DEPLOYMENT_TARGET = 18.0;
				LOCALIZATION_PREFERS_STRING_CATALOGS = YES;
				MTL_ENABLE_DEBUG_INFO = NO;
				MTL_FAST_MATH = YES;
				SDKROOT = iphoneos;
				SWIFT_COMPILATION_MODE = wholemodule;
				VALIDATE_PRODUCT = YES;
			};
			name = Release;
		};
/* End XCBuildConfiguration section */

/* Begin XCConfigurationList section */
		FAD9D4042DD250C900769A4F /* Build configuration list for PBXProject "IOSMovieApp" */ = {
			isa = XCConfigurationList;
			buildConfigurations = (
				FAD9D41F2DD250CA00769A4F /* Debug */,
				FAD9D4202DD250CA00769A4F /* Release */,
			);
			defaultConfigurationIsVisible = 0;
			defaultConfigurationName = Release;
		};
		FAD9D41C2DD250CA00769A4F /* Build configuration list for PBXNativeTarget "IOSMovieApp" */ = {
			isa = XCConfigurationList;
			buildConfigurations = (
				FAD9D41D2DD250CA00769A4F /* Debug */,
				FAD9D41E2DD250CA00769A4F /* Release */,
			);
			defaultConfigurationIsVisible = 0;
			defaultConfigurationName = Release;
		};
/* End XCConfigurationList section */

/* Begin XCRemoteSwiftPackageReference section */
		FAD9D49D2DDE21F300769A4F /* XCRemoteSwiftPackageReference "SDWebImage" */ = {
			isa = XCRemoteSwiftPackageReference;
			repositoryURL = "https://github.com/SDWebImage/SDWebImage.git";
			requirement = {
				kind = upToNextMajorVersion;
				minimumVersion = 5.21.0;
			};
		};
/* End XCRemoteSwiftPackageReference section */

/* Begin XCSwiftPackageProductDependency section */
		FAD9D49E2DDE21F300769A4F /* SDWebImage */ = {
			isa = XCSwiftPackageProductDependency;
			package = FAD9D49D2DDE21F300769A4F /* XCRemoteSwiftPackageReference "SDWebImage" */;
			productName = SDWebImage;
		};
		FAD9D4A02DDE21F300769A4F /* SDWebImageMapKit */ = {
			isa = XCSwiftPackageProductDependency;
			package = FAD9D49D2DDE21F300769A4F /* XCRemoteSwiftPackageReference "SDWebImage" */;
			productName = SDWebImageMapKit;
		};
/* End XCSwiftPackageProductDependency section */
	};
	rootObject = FAD9D4012DD250C900769A4F /* Project object */;
}
